
Microsoft Visual Studio Solution File, Format Version 12.00
# Visual Studio Version 17
VisualStudioVersion = 17.11.35222.181
MinimumVisualStudioVersion = 10.0.40219.1
Project("{FAE04EC0-301F-11D3-BF4B-00C04F79EFBC}") = "VoiceP2P_Client", "VoiceP2P_Client\VoiceP2P_Client.csproj", "{2FF1D830-5EAE-4B28-8E6E-0F45207531D9}"
EndProject
Global
	GlobalSection(SolutionConfigurationPlatforms) = preSolution
		Debug|Any CPU = Debug|Any CPU
		Release|Any CPU = Release|Any CPU
	EndGlobalSection
	GlobalSection(ProjectConfigurationPlatforms) = postSolution
		{2FF1D830-5EAE-4B28-8E6E-0F45207531D9}.Debug|Any CPU.ActiveCfg = Debug|Any CPU
		{2FF1D830-5EAE-4B28-8E6E-0F45207531D9}.Debug|Any CPU.Build.0 = Debug|Any CPU
		{2FF1D830-5EAE-4B28-8E6E-0F45207531D9}.Release|Any CPU.ActiveCfg = Release|Any CPU
		{2FF1D830-5EAE-4B28-8E6E-0F45207531D9}.Release|Any CPU.Build.0 = Release|Any CPU
	EndGlobalSection
	GlobalSection(SolutionProperties) = preSolution
		HideSolutionNode = FALSE
	EndGlobalSection
	GlobalSection(ExtensibilityGlobals) = postSolution
		SolutionGuid = {27E039E6-EDCD-4229-9BB2-3302F797443C}
	EndGlobalSection
EndGlobal
